
Microsoft Visual Studio Solution File, Format Version 12.00
# Visual Studio Version 16
VisualStudioVersion = 16.0.29905.134
MinimumVisualStudioVersion = 10.0.40219.1
Project("{FAE04EC0-301F-11D3-BF4B-00C04F79EFBC}") = "FlightMobileApp", "FlightMobileApp\FlightMobileApp.csproj", "{61733E78-426E-4D7F-9EF7-88105B3F5428}"
EndProject
Global
	GlobalSection(SolutionConfigurationPlatforms) = preSolution
		Debug|Any CPU = Debug|Any CPU
		Release|Any CPU = Release|Any CPU
	EndGlobalSection
	GlobalSection(ProjectConfigurationPlatforms) = postSolution
		{61733E78-426E-4D7F-9EF7-88105B3F5428}.Debug|Any CPU.ActiveCfg = Debug|Any CPU
		{61733E78-426E-4D7F-9EF7-88105B3F5428}.Debug|Any CPU.Build.0 = Debug|Any CPU
		{61733E78-426E-4D7F-9EF7-88105B3F5428}.Release|Any CPU.ActiveCfg = Release|Any CPU
		{61733E78-426E-4D7F-9EF7-88105B3F5428}.Release|Any CPU.Build.0 = Release|Any CPU
	EndGlobalSection
	GlobalSection(SolutionProperties) = preSolution
		HideSolutionNode = FALSE
	EndGlobalSection
	GlobalSection(ExtensibilityGlobals) = postSolution
		SolutionGuid = {452DA3E9-99A5-481D-AFF0-356CF442536D}
	EndGlobalSection
EndGlobal
